github.com/Sirupsen/logrus v1.0.3 h1:XbmgH2T0Ow2lAHu3IwQTqtwD2NgFdIj5notkpw3BpUM=
github.com/Sirupsen/logrus v1.0.3/go.mod h1:rmk17hk6i8ZSAJkSDa7nOxamrG+SP4P0mm+DAvExv4U=
github.com/aws/aws-sdk-go v1.13.37 h1:Gw/LoAtF8DGWAK9gn8UP0wsYRBnlZbhUxUyngFJmecU=
github.com/aws/aws-sdk-go v1.13.37/go.mod h1:ZRmQr0FajVIyZ4ZzBYKG5P3ZqPz9IHG41ZoMu1ADI3k=
github.com/aws/aws-sdk-go v1.32.9 h1:ai+NZsCV+Z97+jqIKya49gbCObOay9FKww0/VCNuXug=
github.com/aws/aws-sdk-go v1.32.9/go.mod h1:5zCpMtNQVjRREroY7sYe8lOMRSxkhG6MZveU8YkpAk0=
github.com/davecgh/go-spew v1.1.0/go.mod h1:J7Y8YcW2NihsgmVo/mv3lAwl/skON4iLHjSsI+c5H38=
github.com/facebookgo/clock v0.0.0-20150410010913-600d898af40a h1:yDWHCSQ40h88yih2JAcL6Ls/kVkSE8GFACTGVnMPruw=
github.com/facebookgo/clock v0.0.0-20150410010913-600d898af40a/go.mod h1:7Ga40egUymuWXxAe151lTNnCv97MddSOVsjpPPkityA=
github.com/facebookgo/limitgroup v0.0.0-20150612190941-6abd8d71ec01 h1:IeaD1VDVBPlx3viJT9Md8if8IxxJnO+x0JCGb054heg=
github.com/facebookgo/limitgroup v0.0.0-20150612190941-6abd8d71ec01/go.mod h1:ypD5nozFk9vcGw1ATYefw6jHe/jZP++Z15/+VTMcWhc=
github.com/facebookgo/muster v0.0.0-20150708232844-fd3d7953fd52 h1:a4DFiKFJiDRGFD1qIcqGLX/WlUMD9dyLSLDt+9QZgt8=
github.com/facebookgo/muster v0.0.0-20150708232844-fd3d7953fd52/go.mod h1:yIquW87NGRw1FU5p5lEkpnt/QxoH5uPAOUlOVkAUuMg=
github.com/go-ini/ini v1.36.0 h1:63En8accP8FKkFZ77ztSfvQf9kGRJN3qBIdItP46RRk=
github.com/go-ini/ini v1.36.0/go.mod h1:ByCAeIL28uOIIG0E3PJtZPDL8WnHpFKFOtgjp+3Ies8=
github.com/go-sql-driver/mysql v1.5.0/go.mod h1:DCzpHaOWr8IXmIStZouvnhqoel9Qv2LBy8hT2VhHyBg=
github.com/honeycombio/dynsampler-go v0.2.1 h1:IbhjbdB0IbLSZn7xVYuk6jjk/ZDk/EO+DJ5OXFZliv8=
github.com/honeycombio/dynsampler-go v0.2.1/go.mod h1:BOeTUPT6fCRH5X/+QqF6Kza3IyLp9uSq/rWgEtI4aZI=
github.com/honeycombio/gonx v1.3.1-0.20180426150627-7443e4e8f28c h1:BKXyxACo6ASCQP7kfkd0kLiV5BsPfIciVCbd7W78gEg=
github.com/honeycombio/gonx v1.3.1-0.20180426150627-7443e4e8f28c/go.mod h1:b5vehEHPr2kpld6NR9gSja7nMX8lGQbU5ACKOd9aa9g=
github.com/honeycombio/honeytail v0.0.0-20180216215327-6af0f50b4c48 h1:AODXxvW3DIewNW6++HPLDD3ZFygIMDaybZ0nfCArOJ0=
github.com/honeycombio/honeytail v0.0.0-20180216215327-6af0f50b4c48/go.mod h1:MY/vbQjeFBUicmwkKq7wf8JzNSlmSCEYu5/+K63dcFQ=
github.com/honeycombio/libhoney-go v1.4.1-0.20171115013947-1782b3ea9b57 h1:g/DcYjaE4Qu/H/S2DLkWTb2cbNUSWMTw1jYATeK7f0s=
github.com/honeycombio/libhoney-go v1.4.1-0.20171115013947-1782b3ea9b57/go.mod h1:jdLxh51fcBTy6XIpx1efuJmHePs2xUfVkw25lr+hsmg=
github.com/honeycombio/urlshaper v0.0.0-20170302202025-2baba9ae5b5f h1:sFlcFcBhPlje785JZwt7xMj7sZSU08HwipIwvk1s4Qc=
github.com/honeycombio/urlshaper v0.0.0-20170302202025-2baba9ae5b5f/go.mod h1:2CQJZ3RJ2uC2Mp3zJbSkVbFw9iZdCpWwymuADPZYFu4=
github.com/jessevdk/go-flags v1.3.0 h1:QmKsgik/Z5fJ11ZtlcA8F+XW9dNybBNFQ1rngF3MmdU=
github.com/jessevdk/go-flags v1.3.0/go.mod h1:4FA24M0QyGHXBuZZK/XkWh8h0e1EYbRYJSGM75WSRxI=
github.com/jmespath/go-jmespath v0.0.0-20160202185014-0b12d6b521d8 h1:12VvqtR6Aowv3l/EQUlocDHW2Cp4G9WJVH7uyH8QFJE=
github.com/jmespath/go-jmespath v0.0.0-20160202185014-0b12d6b521d8/go.mod h1:Nht3zPeWKUH0NzdCt2Blrr5ys8VGpn0CEB0cQHVjt7k=
github.com/jmespath/go-jmespath v0.3.0 h1:OS12ieG61fsCg5+qLJ+SsW9NicxNkg3b25OyT2yCeUc=
github.com/jmespath/go-jmespath v0.3.0/go.mod h1:9QtRXoHjLGCJ5IBSaohpXITPlowMeeYCZ7fLUTSywik=
github.com/pkg/errors v0.9.1/go.mod h1:bwawxfHBFNV+L2hUp1rHADufV3IMtnDRdf1r5NINEl0=
github.com/pmezard/go-difflib v1.0.0/go.mod h1:iKH77koFhYxTK1pcRnkKkqfTogsbg7gZNVY4sRDYZ/4=
github.com/stretchr/objx v0.1.0/go.mod h1:HFkY916IF+rwdDfMAkV7OtwuqBVzrE8GR6GFx+wExME=
github.com/stretchr/testify v1.5.1/go.mod h1:5W2xD1RspED5o8YsWQXVCued0rvSQ+mT+I5cxcmMvtA=
golang.org/x/crypto v0.0.0-20170808112155-b176d7def5d7 h1:pTltqCK8DaN/bs+trgnSNPnBjRpKt+K5GyiIyUWyAw0=
golang.org/x/crypto v0.0.0-20170808112155-b176d7def5d7/go.mod h1:6SG95UA2DQfeDnfUPMdvaQW0Q7yPrPDi9nlGo2tz2b4=
golang.org/x/crypto v0.0.0-20190308221718-c2843e01d9a2 h1:VklqNMn3ovrHsnt90PveolxSbWFaJdECFbxSq0Mqo2M=
golang.org/x/crypto v0.0.0-20190308221718-c2843e01d9a2/go.mod h1:djNgcEr1/C05ACkg1iLfiJU5Ep61QUkGW8qpdssI0+w=
golang.org/x/net v0.0.0-20200202094626-16171245cfb2/go.mod h1:z5CRVTTTmAJ677TzLLGU+0bjPO0LkuOLi4/5GtJWs/s=
golang.org/x/sys v0.0.0-20170815135041-9f7170bcd8e9 h1:dtgNtAExDQkcG4cl6ey7Ol/ZvYfYqlvXRw/1a0G7QqM=
golang.org/x/sys v0.0.0-20170815135041-9f7170bcd8e9/go.mod h1:STP8DvDyc/dI5b8T5hshtkjS+E42TnysNCUPdjciGhY=
golang.org/x/sys v0.0.0-20190215142949-d0b11bdaac8a h1:1BGLXjeY4akVXGgbC9HugT3Jv3hCI0z56oJR5vAMgBU=
golang.org/x/sys v0.0.0-20190215142949-d0b11bdaac8a/go.mod h1:STP8DvDyc/dI5b8T5hshtkjS+E42TnysNCUPdjciGhY=
golang.org/x/text v0.3.0/go.mod h1:NqM8EUOU14njkJ3fqMW+pc6Ldnwhi/IjpwHt7yyuwOQ=
gopkg.in/alexcesaro/statsd.v2 v2.0.0 h1:FXkZSCZIH17vLCO5sO2UucTHsH9pc+17F6pl3JVCwMc=
gopkg.in/alexcesaro/statsd.v2 v2.0.0/go.mod h1:i0ubccKGzBVNBpdGV5MocxyA/XlLUJzA7SLonnE4drU=
gopkg.in/check.v1 v0.0.0-20161208181325-20d25e280405/go.mod h1:Co6ibVJAznAaIkqp8huTwlJQCZ016jof/cbN4VW5Yz0=
gopkg.in/yaml.v2 v2.2.2/go.mod h1:hI93XBmqTisBFMUTm0b8Fm+jr3Dg1NNxqwp+5A1VGuI=
