# This file is autogenerated, do not edit; changes may be undone by the next 'dep ensure'.


[[projects]]
  name = "github.com/Sirupsen/logrus"
  packages = ["."]
  revision = "f006c2ac4710855cf0f916dd6b77acf6b048dc6e"
  version = "v1.0.3"

[[projects]]
  name = "github.com/aws/aws-sdk-go"
  packages = [
    "aws",
    "aws/awserr",
    "aws/awsutil",
    "aws/client",
    "aws/client/metadata",
    "aws/corehandlers",
    "aws/credentials",
    "aws/credentials/ec2rolecreds",
    "aws/credentials/endpointcreds",
    "aws/credentials/stscreds",
    "aws/defaults",
    "aws/ec2metadata",
    "aws/endpoints",
    "aws/request",
    "aws/session",
    "aws/signer/v4",
    "internal/shareddefaults",
    "private/protocol",
    "private/protocol/json/jsonutil",
    "private/protocol/jsonrpc",
    "private/protocol/query",
    "private/protocol/query/queryutil",
    "private/protocol/rest",
    "private/protocol/restxml",
    "private/protocol/xml/xmlutil",
    "service/cloudfront",
    "service/cloudtrail",
    "service/dynamodb",
    "service/dynamodb/dynamodbattribute",
    "service/elb",
    "service/s3",
    "service/s3/s3iface",
    "service/s3/s3manager",
    "service/sqs",
    "service/sts"
  ]
  revision = "a42816b7219102ae19ac57b8737af5fbe1f90afb"

[[projects]]
  name = "github.com/davecgh/go-spew"
  packages = ["spew"]
  revision = "346938d642f2ec3594ed81d874461961cd0faa76"
  version = "v1.1.0"

[[projects]]
  branch = "master"
  name = "github.com/facebookgo/clock"
  packages = ["."]
  revision = "600d898af40aa09a7a93ecb9265d87b0504b6f03"

[[projects]]
  branch = "master"
  name = "github.com/facebookgo/limitgroup"
  packages = ["."]
  revision = "6abd8d71ec01451d7f1929eacaa263bbe2935d05"

[[projects]]
  branch = "master"
  name = "github.com/facebookgo/muster"
  packages = ["."]
  revision = "fd3d7953fd52354a74b9f6b3d70d0c9650c4ec2a"

[[projects]]
  name = "github.com/go-ini/ini"
  packages = ["."]
  revision = "c787282c39ac1fc618827141a1f762240def08a3"

[[projects]]
  name = "github.com/honeycombio/dynsampler-go"
  packages = ["."]
  revision = "c043ccf54256cf62f57b21d37306a8d482e97d54"

[[projects]]
  name = "github.com/honeycombio/gonx"
  packages = ["."]
  revision = "dc1c4fe6e0cc63c38a537b78f9ddaa60e168b957"

[[projects]]
  branch = "master"
  name = "github.com/honeycombio/honeytail"
  packages = [
    "event",
    "httime",
    "parsers",
    "parsers/nginx"
  ]
  revision = "6af0f50b4c48af4980a71be851481a4ebd16669d"

[[projects]]
  name = "github.com/honeycombio/libhoney-go"
  packages = ["."]
  revision = "1782b3ea9b57603d943377079c2c7151049b1448"

[[projects]]
  branch = "master"
  name = "github.com/honeycombio/urlshaper"
  packages = ["."]
  revision = "2baba9ae5b5faed757d6e4d66054967824a0a1b1"

[[projects]]
  name = "github.com/jessevdk/go-flags"
  packages = ["."]
  revision = "96dc06278ce32a0e9d957d590bb987c81ee66407"
  version = "v1.3.0"

[[projects]]
  name = "github.com/jmespath/go-jmespath"
  packages = ["."]
  revision = "bd40a432e4c76585ef6b72d3fd96fb9b6dc7b68d"

[[projects]]
  name = "golang.org/x/crypto"
  packages = ["ssh/terminal"]
  revision = "b176d7def5d71bdd214203491f89843ed217f420"

[[projects]]
  name = "golang.org/x/sys"
  packages = [
    "unix",
    "windows"
  ]
  revision = "9f7170bcd8e9f4d3691c06401119c46a769a1e03"

[[projects]]
  name = "gopkg.in/alexcesaro/statsd.v2"
  packages = ["."]
  revision = "7fea3f0d2fab1ad973e641e51dba45443a311a90"
  version = "v2.0.0"

[solve-meta]
  analyzer-name = "dep"
  analyzer-version = 1
  inputs-digest = "811262c39852a4d12772cff50ea1ddf57a92061a3f1d1dfde8bf791f0a72c4ae"
  solver-name = "gps-cdcl"
  solver-version = 1
